// !$*UTF8*$!
{
	archiveVersion = 1;
	classes = {
	};
	objectVersion = 46;
	objects = {

/* Begin PBXBuildFile section */
		187608661D02F89B005C9A5F /* main.m in Sources */ = {isa = PBXBuildFile; fileRef = 187608651D02F89B005C9A5F /* main.m */; };
		187608691D02F89B005C9A5F /* AppDelegate.m in Sources */ = {isa = PBXBuildFile; fileRef = 187608681D02F89B005C9A5F /* AppDelegate.m */; };
		1876086F1D02F89B005C9A5F /* Main.storyboard in Resources */ = {isa = PBXBuildFile; fileRef = 1876086D1D02F89B005C9A5F /* Main.storyboard */; };
		187608711D02F89B005C9A5F /* Assets.xcassets in Resources */ = {isa = PBXBuildFile; fileRef = 187608701D02F89B005C9A5F /* Assets.xcassets */; };
		187608741D02F89B005C9A5F /* LaunchScreen.storyboard in Resources */ = {isa = PBXBuildFile; fileRef = 187608721D02F89B005C9A5F /* LaunchScreen.storyboard */; };
		1876087F1D02F89C005C9A5F /* WeChatMomentsDemoTests.m in Sources */ = {isa = PBXBuildFile; fileRef = 1876087E1D02F89C005C9A5F /* WeChatMomentsDemoTests.m */; };
		1876088A1D02F89C005C9A5F /* WeChatMomentsDemoUITests.m in Sources */ = {isa = PBXBuildFile; fileRef = 187608891D02F89C005C9A5F /* WeChatMomentsDemoUITests.m */; };
		1876089E1D030517005C9A5F /* HomeViewController.m in Sources */ = {isa = PBXBuildFile; fileRef = 1876089D1D030517005C9A5F /* HomeViewController.m */; };
		187608AA1D031372005C9A5F /* BaseNavigationViewController.m in Sources */ = {isa = PBXBuildFile; fileRef = 187608A91D031372005C9A5F /* BaseNavigationViewController.m */; };
		187608B01D0313B3005C9A5F /* BaseViewController.m in Sources */ = {isa = PBXBuildFile; fileRef = 187608AF1D0313B3005C9A5F /* BaseViewController.m */; };
		187608B31D031438005C9A5F /* FirstPageTabBarController.m in Sources */ = {isa = PBXBuildFile; fileRef = 187608B21D031438005C9A5F /* FirstPageTabBarController.m */; };
		187609801D03AB1A005C9A5F /* BaseTableViewController.m in Sources */ = {isa = PBXBuildFile; fileRef = 1876097F1D03AB1A005C9A5F /* BaseTableViewController.m */; };
		187609861D03B39D005C9A5F /* MomentTableViewController.m in Sources */ = {isa = PBXBuildFile; fileRef = 187609851D03B39D005C9A5F /* MomentTableViewController.m */; };
		1876098C1D03B67E005C9A5F /* DiscoverTableViewController.m in Sources */ = {isa = PBXBuildFile; fileRef = 1876098B1D03B67E005C9A5F /* DiscoverTableViewController.m */; };
		1876098F1D03B8B9005C9A5F /* WMNavigationViewController.m in Sources */ = {isa = PBXBuildFile; fileRef = 1876098E1D03B8B9005C9A5F /* WMNavigationViewController.m */; };
		187609921D03CD46005C9A5F /* MomentCellModel.m in Sources */ = {isa = PBXBuildFile; fileRef = 187609911D03CD46005C9A5F /* MomentCellModel.m */; };
		187609981D03CDC9005C9A5F /* MomentCellCommentModel.m in Sources */ = {isa = PBXBuildFile; fileRef = 187609971D03CDC9005C9A5F /* MomentCellCommentModel.m */; };
		1876099B1D03CDE9005C9A5F /* MomentCellFavoriteModel.m in Sources */ = {isa = PBXBuildFile; fileRef = 1876099A1D03CDE9005C9A5F /* MomentCellFavoriteModel.m */; };
		1876099E1D03D646005C9A5F /* Moment.xcassets in Resources */ = {isa = PBXBuildFile; fileRef = 1876099D1D03D646005C9A5F /* Moment.xcassets */; };
		1E21438967FA7C2B295DC828 /* libPods.a in Frameworks */ = {isa = PBXBuildFile; fileRef = 0F4C78B6EA97342D49C7173E /* libPods.a */; };
/* End PBXBuildFile section */

/* Begin PBXContainerItemProxy section */
		1876087B1D02F89C005C9A5F /* PBXContainerItemProxy */ = {
			isa = PBXContainerItemProxy;
			containerPortal = 187608591D02F89B005C9A5F /* Project object */;
			proxyType = 1;
			remoteGlobalIDString = 187608601D02F89B005C9A5F;
			remoteInfo = WeChatMomentsDemo;
		};
		187608861D02F89C005C9A5F /* PBXContainerItemProxy */ = {
			isa = PBXContainerItemProxy;
			containerPortal = 187608591D02F89B005C9A5F /* Project object */;
			proxyType = 1;
			remoteGlobalIDString = 187608601D02F89B005C9A5F;
			remoteInfo = WeChatMomentsDemo;
		};
/* End PBXContainerItemProxy section */

/* Begin PBXFileReference section */
		0F4C78B6EA97342D49C7173E /* libPods.a */ = {isa = PBXFileReference; explicitFileType = archive.ar; includeInIndex = 0; path = libPods.a; sourceTree = BUILT_PRODUCTS_DIR; };
		187608611D02F89B005C9A5F /* WeChatMomentsDemo.app */ = {isa = PBXFileReference; explicitFileType = wrapper.application; includeInIndex = 0; path = WeChatMomentsDemo.app; sourceTree = BUILT_PRODUCTS_DIR; };
		187608651D02F89B005C9A5F /* main.m */ = {isa = PBXFileReference; lastKnownFileType = sourcecode.c.objc; path = main.m; sourceTree = "<group>"; };
		187608671D02F89B005C9A5F /* AppDelegate.h */ = {isa = PBXFileReference; lastKnownFileType = sourcecode.c.h; path = AppDelegate.h; sourceTree = "<group>"; };
		187608681D02F89B005C9A5F /* AppDelegate.m */ = {isa = PBXFileReference; lastKnownFileType = sourcecode.c.objc; path = AppDelegate.m; sourceTree = "<group>"; };
		1876086E1D02F89B005C9A5F /* Base */ = {isa = PBXFileReference; lastKnownFileType = file.storyboard; name = Base; path = Base.lproj/Main.storyboard; sourceTree = "<group>"; };
		187608701D02F89B005C9A5F /* Assets.xcassets */ = {isa = PBXFileReference; lastKnownFileType = folder.assetcatalog; path = Assets.xcassets; sourceTree = "<group>"; };
		187608731D02F89B005C9A5F /* Base */ = {isa = PBXFileReference; lastKnownFileType = file.storyboard; name = Base; path = Base.lproj/LaunchScreen.storyboard; sourceTree = "<group>"; };
		187608751D02F89B005C9A5F /* Info.plist */ = {isa = PBXFileReference; lastKnownFileType = text.plist.xml; path = Info.plist; sourceTree = "<group>"; };
		1876087A1D02F89B005C9A5F /* WeChatMomentsDemoTests.xctest */ = {isa = PBXFileReference; explicitFileType = wrapper.cfbundle; includeInIndex = 0; path = WeChatMomentsDemoTests.xctest; sourceTree = BUILT_PRODUCTS_DIR; };
		1876087E1D02F89C005C9A5F /* WeChatMomentsDemoTests.m */ = {isa = PBXFileReference; lastKnownFileType = sourcecode.c.objc; path = WeChatMomentsDemoTests.m; sourceTree = "<group>"; };
		187608801D02F89C005C9A5F /* Info.plist */ = {isa = PBXFileReference; lastKnownFileType = text.plist.xml; path = Info.plist; sourceTree = "<group>"; };
		187608851D02F89C005C9A5F /* WeChatMomentsDemoUITests.xctest */ = {isa = PBXFileReference; explicitFileType = wrapper.cfbundle; includeInIndex = 0; path = WeChatMomentsDemoUITests.xctest; sourceTree = BUILT_PRODUCTS_DIR; };
		187608891D02F89C005C9A5F /* WeChatMomentsDemoUITests.m */ = {isa = PBXFileReference; lastKnownFileType = sourcecode.c.objc; path = WeChatMomentsDemoUITests.m; sourceTree = "<group>"; };
		1876088B1D02F89C005C9A5F /* Info.plist */ = {isa = PBXFileReference; lastKnownFileType = text.plist.xml; path = Info.plist; sourceTree = "<group>"; };
		187608971D030341005C9A5F /* WeChatMomentsDemo-Prefix.pch */ = {isa = PBXFileReference; lastKnownFileType = sourcecode.c.h; path = "WeChatMomentsDemo-Prefix.pch"; sourceTree = SOURCE_ROOT; };
		1876089C1D030517005C9A5F /* HomeViewController.h */ = {isa = PBXFileReference; fileEncoding = 4; lastKnownFileType = sourcecode.c.h; path = HomeViewController.h; sourceTree = "<group>"; };
		1876089D1D030517005C9A5F /* HomeViewController.m */ = {isa = PBXFileReference; fileEncoding = 4; lastKnownFileType = sourcecode.c.objc; path = HomeViewController.m; sourceTree = "<group>"; };
		187608A81D031372005C9A5F /* BaseNavigationViewController.h */ = {isa = PBXFileReference; fileEncoding = 4; lastKnownFileType = sourcecode.c.h; path = BaseNavigationViewController.h; sourceTree = "<group>"; };
		187608A91D031372005C9A5F /* BaseNavigationViewController.m */ = {isa = PBXFileReference; fileEncoding = 4; lastKnownFileType = sourcecode.c.objc; path = BaseNavigationViewController.m; sourceTree = "<group>"; };
		187608AE1D0313B3005C9A5F /* BaseViewController.h */ = {isa = PBXFileReference; fileEncoding = 4; lastKnownFileType = sourcecode.c.h; path = BaseViewController.h; sourceTree = "<group>"; };
		187608AF1D0313B3005C9A5F /* BaseViewController.m */ = {isa = PBXFileReference; fileEncoding = 4; lastKnownFileType = sourcecode.c.objc; path = BaseViewController.m; sourceTree = "<group>"; };
		187608B11D031438005C9A5F /* FirstPageTabBarController.h */ = {isa = PBXFileReference; fileEncoding = 4; lastKnownFileType = sourcecode.c.h; path = FirstPageTabBarController.h; sourceTree = "<group>"; };
		187608B21D031438005C9A5F /* FirstPageTabBarController.m */ = {isa = PBXFileReference; fileEncoding = 4; lastKnownFileType = sourcecode.c.objc; path = FirstPageTabBarController.m; sourceTree = "<group>"; };
		1876097E1D03AB1A005C9A5F /* BaseTableViewController.h */ = {isa = PBXFileReference; fileEncoding = 4; lastKnownFileType = sourcecode.c.h; path = BaseTableViewController.h; sourceTree = "<group>"; };
		1876097F1D03AB1A005C9A5F /* BaseTableViewController.m */ = {isa = PBXFileReference; fileEncoding = 4; lastKnownFileType = sourcecode.c.objc; path = BaseTableViewController.m; sourceTree = "<group>"; };
		187609841D03B39D005C9A5F /* MomentTableViewController.h */ = {isa = PBXFileReference; fileEncoding = 4; lastKnownFileType = sourcecode.c.h; path = MomentTableViewController.h; sourceTree = "<group>"; };
		187609851D03B39D005C9A5F /* MomentTableViewController.m */ = {isa = PBXFileReference; fileEncoding = 4; lastKnownFileType = sourcecode.c.objc; path = MomentTableViewController.m; sourceTree = "<group>"; };
		1876098A1D03B67E005C9A5F /* DiscoverTableViewController.h */ = {isa = PBXFileReference; fileEncoding = 4; lastKnownFileType = sourcecode.c.h; path = DiscoverTableViewController.h; sourceTree = "<group>"; };
		1876098B1D03B67E005C9A5F /* DiscoverTableViewController.m */ = {isa = PBXFileReference; fileEncoding = 4; lastKnownFileType = sourcecode.c.objc; path = DiscoverTableViewController.m; sourceTree = "<group>"; };
		1876098D1D03B8B9005C9A5F /* WMNavigationViewController.h */ = {isa = PBXFileReference; fileEncoding = 4; lastKnownFileType = sourcecode.c.h; path = WMNavigationViewController.h; sourceTree = "<group>"; };
		1876098E1D03B8B9005C9A5F /* WMNavigationViewController.m */ = {isa = PBXFileReference; fileEncoding = 4; lastKnownFileType = sourcecode.c.objc; path = WMNavigationViewController.m; sourceTree = "<group>"; };
		187609901D03CD46005C9A5F /* MomentCellModel.h */ = {isa = PBXFileReference; fileEncoding = 4; lastKnownFileType = sourcecode.c.h; path = MomentCellModel.h; sourceTree = "<group>"; };
		187609911D03CD46005C9A5F /* MomentCellModel.m */ = {isa = PBXFileReference; fileEncoding = 4; lastKnownFileType = sourcecode.c.objc; path = MomentCellModel.m; sourceTree = "<group>"; };
		187609961D03CDC9005C9A5F /* MomentCellCommentModel.h */ = {isa = PBXFileReference; fileEncoding = 4; lastKnownFileType = sourcecode.c.h; path = MomentCellCommentModel.h; sourceTree = "<group>"; };
		187609971D03CDC9005C9A5F /* MomentCellCommentModel.m */ = {isa = PBXFileReference; fileEncoding = 4; lastKnownFileType = sourcecode.c.objc; path = MomentCellCommentModel.m; sourceTree = "<group>"; };
		187609991D03CDE9005C9A5F /* MomentCellFavoriteModel.h */ = {isa = PBXFileReference; fileEncoding = 4; lastKnownFileType = sourcecode.c.h; path = MomentCellFavoriteModel.h; sourceTree = "<group>"; };
		1876099A1D03CDE9005C9A5F /* MomentCellFavoriteModel.m */ = {isa = PBXFileReference; fileEncoding = 4; lastKnownFileType = sourcecode.c.objc; path = MomentCellFavoriteModel.m; sourceTree = "<group>"; };
		1876099D1D03D646005C9A5F /* Moment.xcassets */ = {isa = PBXFileReference; lastKnownFileType = folder.assetcatalog; path = Moment.xcassets; sourceTree = "<group>"; };
		A5BBC0B1E36E6E30CB656E30 /* Pods.release.xcconfig */ = {isa = PBXFileReference; includeInIndex = 1; lastKnownFileType = text.xcconfig; name = Pods.release.xcconfig; path = "Pods/Target Support Files/Pods/Pods.release.xcconfig"; sourceTree = "<group>"; };
		FAAF12F146E130D784B28EDE /* Pods.debug.xcconfig */ = {isa = PBXFileReference; includeInIndex = 1; lastKnownFileType = text.xcconfig; name = Pods.debug.xcconfig; path = "Pods/Target Support Files/Pods/Pods.debug.xcconfig"; sourceTree = "<group>"; };
/* End PBXFileReference section */

/* Begin PBXFrameworksBuildPhase section */
		1876085E1D02F89B005C9A5F /* Frameworks */ = {
			isa = PBXFrameworksBuildPhase;
			buildActionMask = 2147483647;
			files = (
				1E21438967FA7C2B295DC828 /* libPods.a in Frameworks */,
			);
			runOnlyForDeploymentPostprocessing = 0;
		};
		187608771D02F89B005C9A5F /* Frameworks */ = {
			isa = PBXFrameworksBuildPhase;
			buildActionMask = 2147483647;
			files = (
			);
			runOnlyForDeploymentPostprocessing = 0;
		};
		187608821D02F89C005C9A5F /* Frameworks */ = {
			isa = PBXFrameworksBuildPhase;
			buildActionMask = 2147483647;
			files = (
			);
			runOnlyForDeploymentPostprocessing = 0;
		};
/* End PBXFrameworksBuildPhase section */

/* Begin PBXGroup section */
		187608581D02F89A005C9A5F = {
			isa = PBXGroup;
			children = (
				187608631D02F89B005C9A5F /* WeChatMomentsDemo */,
				1876087D1D02F89C005C9A5F /* WeChatMomentsDemoTests */,
				187608881D02F89C005C9A5F /* WeChatMomentsDemoUITests */,
				187608621D02F89B005C9A5F /* Products */,
				A82090B0FAFA31A8B3DAE21A /* Pods */,
				3650E3906E9FC11D097FFA97 /* Frameworks */,
			);
			sourceTree = "<group>";
		};
		187608621D02F89B005C9A5F /* Products */ = {
			isa = PBXGroup;
			children = (
				187608611D02F89B005C9A5F /* WeChatMomentsDemo.app */,
				1876087A1D02F89B005C9A5F /* WeChatMomentsDemoTests.xctest */,
				187608851D02F89C005C9A5F /* WeChatMomentsDemoUITests.xctest */,
			);
			name = Products;
			sourceTree = "<group>";
		};
		187608631D02F89B005C9A5F /* WeChatMomentsDemo */ = {
			isa = PBXGroup;
			children = (
				187608671D02F89B005C9A5F /* AppDelegate.h */,
				187608681D02F89B005C9A5F /* AppDelegate.m */,
				187608971D030341005C9A5F /* WeChatMomentsDemo-Prefix.pch */,
				1876086D1D02F89B005C9A5F /* Main.storyboard */,
				187608A71D0312BD005C9A5F /* Common */,
				187608A31D0312B7005C9A5F /* Base */,
				1876089F1D0311ED005C9A5F /* FirstTabBarController */,
				187608981D0304EE005C9A5F /* Home */,
				187609731D03A9B6005C9A5F /* Moment */,
				1876099C1D03D646005C9A5F /* Resources */,
				187608701D02F89B005C9A5F /* Assets.xcassets */,
				187608721D02F89B005C9A5F /* LaunchScreen.storyboard */,
				187608751D02F89B005C9A5F /* Info.plist */,
				187608641D02F89B005C9A5F /* Supporting Files */,
			);
			path = WeChatMomentsDemo;
			sourceTree = "<group>";
		};
		187608641D02F89B005C9A5F /* Supporting Files */ = {
			isa = PBXGroup;
			children = (
				187608651D02F89B005C9A5F /* main.m */,
			);
			name = "Supporting Files";
			sourceTree = "<group>";
		};
		1876087D1D02F89C005C9A5F /* WeChatMomentsDemoTests */ = {
			isa = PBXGroup;
			children = (
				1876087E1D02F89C005C9A5F /* WeChatMomentsDemoTests.m */,
				187608801D02F89C005C9A5F /* Info.plist */,
			);
			path = WeChatMomentsDemoTests;
			sourceTree = "<group>";
		};
		187608881D02F89C005C9A5F /* WeChatMomentsDemoUITests */ = {
			isa = PBXGroup;
			children = (
				187608891D02F89C005C9A5F /* WeChatMomentsDemoUITests.m */,
				1876088B1D02F89C005C9A5F /* Info.plist */,
			);
			path = WeChatMomentsDemoUITests;
			sourceTree = "<group>";
		};
		187608981D0304EE005C9A5F /* Home */ = {
			isa = PBXGroup;
			children = (
				187608991D0304EE005C9A5F /* Controller */,
				1876089A1D0304EE005C9A5F /* Model */,
				1876089B1D0304EE005C9A5F /* View */,
			);
			path = Home;
			sourceTree = "<group>";
		};
		187608991D0304EE005C9A5F /* Controller */ = {
			isa = PBXGroup;
			children = (
				1876089C1D030517005C9A5F /* HomeViewController.h */,
				1876089D1D030517005C9A5F /* HomeViewController.m */,
				1876098A1D03B67E005C9A5F /* DiscoverTableViewController.h */,
				1876098B1D03B67E005C9A5F /* DiscoverTableViewController.m */,
				1876098D1D03B8B9005C9A5F /* WMNavigationViewController.h */,
				1876098E1D03B8B9005C9A5F /* WMNavigationViewController.m */,
			);
			path = Controller;
			sourceTree = "<group>";
		};
		1876089A1D0304EE005C9A5F /* Model */ = {
			isa = PBXGroup;
			children = (
			);
			path = Model;
			sourceTree = "<group>";
		};
		1876089B1D0304EE005C9A5F /* View */ = {
			isa = PBXGroup;
			children = (
			);
			path = View;
			sourceTree = "<group>";
		};
		1876089F1D0311ED005C9A5F /* FirstTabBarController */ = {
			isa = PBXGroup;
			children = (
				187608A01D0311ED005C9A5F /* Controller */,
				187608A11D0311ED005C9A5F /* Model */,
				187608A21D0311ED005C9A5F /* View */,
			);
			name = FirstTabBarController;
			path = Home/FirstTabBarController;
			sourceTree = "<group>";
		};
		187608A01D0311ED005C9A5F /* Controller */ = {
			isa = PBXGroup;
			children = (
				187608B11D031438005C9A5F /* FirstPageTabBarController.h */,
				187608B21D031438005C9A5F /* FirstPageTabBarController.m */,
			);
			path = Controller;
			sourceTree = "<group>";
		};
		187608A11D0311ED005C9A5F /* Model */ = {
			isa = PBXGroup;
			children = (
			);
			path = Model;
			sourceTree = "<group>";
		};
		187608A21D0311ED005C9A5F /* View */ = {
			isa = PBXGroup;
			children = (
			);
			path = View;
			sourceTree = "<group>";
		};
		187608A31D0312B7005C9A5F /* Base */ = {
			isa = PBXGroup;
			children = (
				187608A41D0312B7005C9A5F /* Controller */,
				187608A51D0312B7005C9A5F /* Model */,
				187608A61D0312B7005C9A5F /* View */,
			);
			path = Base;
			sourceTree = "<group>";
		};
		187608A41D0312B7005C9A5F /* Controller */ = {
			isa = PBXGroup;
			children = (
				187608A81D031372005C9A5F /* BaseNavigationViewController.h */,
				187608A91D031372005C9A5F /* BaseNavigationViewController.m */,
				187608AE1D0313B3005C9A5F /* BaseViewController.h */,
				187608AF1D0313B3005C9A5F /* BaseViewController.m */,
				1876097E1D03AB1A005C9A5F /* BaseTableViewController.h */,
				1876097F1D03AB1A005C9A5F /* BaseTableViewController.m */,
			);
			path = Controller;
			sourceTree = "<group>";
		};
		187608A51D0312B7005C9A5F /* Model */ = {
			isa = PBXGroup;
			children = (
			);
			path = Model;
			sourceTree = "<group>";
		};
		187608A61D0312B7005C9A5F /* View */ = {
			isa = PBXGroup;
			children = (
			);
			path = View;
			sourceTree = "<group>";
		};
		187608A71D0312BD005C9A5F /* Common */ = {
			isa = PBXGroup;
			children = (
			);
			path = Common;
			sourceTree = "<group>";
		};
		187609731D03A9B6005C9A5F /* Moment */ = {
			isa = PBXGroup;
			children = (
				1876097A1D03AA1B005C9A5F /* TableViewController */,
				187609741D03A9B6005C9A5F /* Controller */,
				187609751D03A9B6005C9A5F /* Model */,
				187609761D03A9B6005C9A5F /* View */,
			);
			path = Moment;
			sourceTree = "<group>";
		};
		187609741D03A9B6005C9A5F /* Controller */ = {
			isa = PBXGroup;
			children = (
			);
			path = Controller;
			sourceTree = "<group>";
		};
		187609751D03A9B6005C9A5F /* Model */ = {
			isa = PBXGroup;
			children = (
				187609901D03CD46005C9A5F /* MomentCellModel.h */,
				187609911D03CD46005C9A5F /* MomentCellModel.m */,
				187609991D03CDE9005C9A5F /* MomentCellFavoriteModel.h */,
				1876099A1D03CDE9005C9A5F /* MomentCellFavoriteModel.m */,
				187609961D03CDC9005C9A5F /* MomentCellCommentModel.h */,
				187609971D03CDC9005C9A5F /* MomentCellCommentModel.m */,
			);
			path = Model;
			sourceTree = "<group>";
		};
		187609761D03A9B6005C9A5F /* View */ = {
			isa = PBXGroup;
			children = (
			);
			path = View;
			sourceTree = "<group>";
		};
		1876097A1D03AA1B005C9A5F /* TableViewController */ = {
			isa = PBXGroup;
			children = (
				187609841D03B39D005C9A5F /* MomentTableViewController.h */,
				187609851D03B39D005C9A5F /* MomentTableViewController.m */,
			);
			path = TableViewController;
			sourceTree = "<group>";
		};
		1876099C1D03D646005C9A5F /* Resources */ = {
			isa = PBXGroup;
			children = (
				1876099D1D03D646005C9A5F /* Moment.xcassets */,
			);
			path = Resources;
			sourceTree = "<group>";
		};
		3650E3906E9FC11D097FFA97 /* Frameworks */ = {
			isa = PBXGroup;
			children = (
				0F4C78B6EA97342D49C7173E /* libPods.a */,
			);
			name = Frameworks;
			sourceTree = "<group>";
		};
		A82090B0FAFA31A8B3DAE21A /* Pods */ = {
			isa = PBXGroup;
			children = (
				FAAF12F146E130D784B28EDE /* Pods.debug.xcconfig */,
				A5BBC0B1E36E6E30CB656E30 /* Pods.release.xcconfig */,
			);
			name = Pods;
			sourceTree = "<group>";
		};
/* End PBXGroup section */

/* Begin PBXNativeTarget section */
		187608601D02F89B005C9A5F /* WeChatMomentsDemo */ = {
			isa = PBXNativeTarget;
			buildConfigurationList = 1876088E1D02F89C005C9A5F /* Build configuration list for PBXNativeTarget "WeChatMomentsDemo" */;
			buildPhases = (
				312BEF085409D7A61247D46E /* Check Pods Manifest.lock */,
				1876085D1D02F89B005C9A5F /* Sources */,
				1876085E1D02F89B005C9A5F /* Frameworks */,
				1876085F1D02F89B005C9A5F /* Resources */,
				B4838E512FE96627F4638709 /* Embed Pods Frameworks */,
				2DB453C0DBE65BDC2F5275C4 /* Copy Pods Resources */,
			);
			buildRules = (
			);
			dependencies = (
			);
			name = WeChatMomentsDemo;
			productName = WeChatMomentsDemo;
			productReference = 187608611D02F89B005C9A5F /* WeChatMomentsDemo.app */;
			productType = "com.apple.product-type.application";
		};
		187608791D02F89B005C9A5F /* WeChatMomentsDemoTests */ = {
			isa = PBXNativeTarget;
			buildConfigurationList = 187608911D02F89C005C9A5F /* Build configuration list for PBXNativeTarget "WeChatMomentsDemoTests" */;
			buildPhases = (
				187608761D02F89B005C9A5F /* Sources */,
				187608771D02F89B005C9A5F /* Frameworks */,
				187608781D02F89B005C9A5F /* Resources */,
			);
			buildRules = (
			);
			dependencies = (
				1876087C1D02F89C005C9A5F /* PBXTargetDependency */,
			);
			name = WeChatMomentsDemoTests;
			productName = WeChatMomentsDemoTests;
			productReference = 1876087A1D02F89B005C9A5F /* WeChatMomentsDemoTests.xctest */;
			productType = "com.apple.product-type.bundle.unit-test";
		};
		187608841D02F89C005C9A5F /* WeChatMomentsDemoUITests */ = {
			isa = PBXNativeTarget;
			buildConfigurationList = 187608941D02F89C005C9A5F /* Build configuration list for PBXNativeTarget "WeChatMomentsDemoUITests" */;
			buildPhases = (
				187608811D02F89C005C9A5F /* Sources */,
				187608821D02F89C005C9A5F /* Frameworks */,
				187608831D02F89C005C9A5F /* Resources */,
			);
			buildRules = (
			);
			dependencies = (
				187608871D02F89C005C9A5F /* PBXTargetDependency */,
			);
			name = WeChatMomentsDemoUITests;
			productName = WeChatMomentsDemoUITests;
			productReference = 187608851D02F89C005C9A5F /* WeChatMomentsDemoUITests.xctest */;
			productType = "com.apple.product-type.bundle.ui-testing";
		};
/* End PBXNativeTarget section */

/* Begin PBXProject section */
		187608591D02F89B005C9A5F /* Project object */ = {
			isa = PBXProject;
			attributes = {
				LastUpgradeCheck = 0720;
				ORGANIZATIONNAME = apple;
				TargetAttributes = {
					187608601D02F89B005C9A5F = {
						CreatedOnToolsVersion = 7.2;
					};
					187608791D02F89B005C9A5F = {
						CreatedOnToolsVersion = 7.2;
						TestTargetID = 187608601D02F89B005C9A5F;
					};
					187608841D02F89C005C9A5F = {
						CreatedOnToolsVersion = 7.2;
						TestTargetID = 187608601D02F89B005C9A5F;
					};
				};
			};
			buildConfigurationList = 1876085C1D02F89B005C9A5F /* Build configuration list for PBXProject "WeChatMomentsDemo" */;
			compatibilityVersion = "Xcode 3.2";
			developmentRegion = English;
			hasScannedForEncodings = 0;
			knownRegions = (
				en,
				Base,
			);
			mainGroup = 187608581D02F89A005C9A5F;
			productRefGroup = 187608621D02F89B005C9A5F /* Products */;
			projectDirPath = "";
			projectRoot = "";
			targets = (
				187608601D02F89B005C9A5F /* WeChatMomentsDemo */,
				187608791D02F89B005C9A5F /* WeChatMomentsDemoTests */,
				187608841D02F89C005C9A5F /* WeChatMomentsDemoUITests */,
			);
		};
/* End PBXProject section */

/* Begin PBXResourcesBuildPhase section */
		1876085F1D02F89B005C9A5F /* Resources */ = {
			isa = PBXResourcesBuildPhase;
			buildActionMask = 2147483647;
			files = (
				187608741D02F89B005C9A5F /* LaunchScreen.storyboard in Resources */,
				1876099E1D03D646005C9A5F /* Moment.xcassets in Resources */,
				187608711D02F89B005C9A5F /* Assets.xcassets in Resources */,
				1876086F1D02F89B005C9A5F /* Main.storyboard in Resources */,
			);
			runOnlyForDeploymentPostprocessing = 0;
		};
		187608781D02F89B005C9A5F /* Resources */ = {
			isa = PBXResourcesBuildPhase;
			buildActionMask = 2147483647;
			files = (
			);
			runOnlyForDeploymentPostprocessing = 0;
		};
		187608831D02F89C005C9A5F /* Resources */ = {
			isa = PBXResourcesBuildPhase;
			buildActionMask = 2147483647;
			files = (
			);
			runOnlyForDeploymentPostprocessing = 0;
		};
/* End PBXResourcesBuildPhase section */

/* Begin PBXShellScriptBuildPhase section */
		2DB453C0DBE65BDC2F5275C4 /* Copy Pods Resources */ = {
			isa = PBXShellScriptBuildPhase;
			buildActionMask = 2147483647;
			files = (
			);
			inputPaths = (
			);
			name = "Copy Pods Resources";
			outputPaths = (
			);
			runOnlyForDeploymentPostprocessing = 0;
			shellPath = /bin/sh;
			shellScript = "\"${SRCROOT}/Pods/Target Support Files/Pods/Pods-resources.sh\"\n";
			showEnvVarsInLog = 0;
		};
		312BEF085409D7A61247D46E /* Check Pods Manifest.lock */ = {
			isa = PBXShellScriptBuildPhase;
			buildActionMask = 2147483647;
			files = (
			);
			inputPaths = (
			);
			name = "Check Pods Manifest.lock";
			outputPaths = (
			);
			runOnlyForDeploymentPostprocessing = 0;
			shellPath = /bin/sh;
			shellScript = "diff \"${PODS_ROOT}/../Podfile.lock\" \"${PODS_ROOT}/Manifest.lock\" > /dev/null\nif [[ $? != 0 ]] ; then\n    cat << EOM\nerror: The sandbox is not in sync with the Podfile.lock. Run 'pod install' or update your CocoaPods installation.\nEOM\n    exit 1\nfi\n";
			showEnvVarsInLog = 0;
		};
		B4838E512FE96627F4638709 /* Embed Pods Frameworks */ = {
			isa = PBXShellScriptBuildPhase;
			buildActionMask = 2147483647;
			files = (
			);
			inputPaths = (
			);
			name = "Embed Pods Frameworks";
			outputPaths = (
			);
			runOnlyForDeploymentPostprocessing = 0;
			shellPath = /bin/sh;
			shellScript = "\"${SRCROOT}/Pods/Target Support Files/Pods/Pods-frameworks.sh\"\n";
			showEnvVarsInLog = 0;
		};
/* End PBXShellScriptBuildPhase section */

/* Begin PBXSourcesBuildPhase section */
		1876085D1D02F89B005C9A5F /* Sources */ = {
			isa = PBXSourcesBuildPhase;
			buildActionMask = 2147483647;
			files = (
				1876098F1D03B8B9005C9A5F /* WMNavigationViewController.m in Sources */,
				187609801D03AB1A005C9A5F /* BaseTableViewController.m in Sources */,
				1876098C1D03B67E005C9A5F /* DiscoverTableViewController.m in Sources */,
				187608AA1D031372005C9A5F /* BaseNavigationViewController.m in Sources */,
				1876099B1D03CDE9005C9A5F /* MomentCellFavoriteModel.m in Sources */,
				187609921D03CD46005C9A5F /* MomentCellModel.m in Sources */,
				187609981D03CDC9005C9A5F /* MomentCellCommentModel.m in Sources */,
				187608691D02F89B005C9A5F /* AppDelegate.m in Sources */,
				187608B31D031438005C9A5F /* FirstPageTabBarController.m in Sources */,
				187608661D02F89B005C9A5F /* main.m in Sources */,
				187608B01D0313B3005C9A5F /* BaseViewController.m in Sources */,
				187609861D03B39D005C9A5F /* MomentTableViewController.m in Sources */,
				1876089E1D030517005C9A5F /* HomeViewController.m in Sources */,
			);
			runOnlyForDeploymentPostprocessing = 0;
		};
		187608761D02F89B005C9A5F /* Sources */ = {
			isa = PBXSourcesBuildPhase;
			buildActionMask = 2147483647;
			files = (
				1876087F1D02F89C005C9A5F /* WeChatMomentsDemoTests.m in Sources */,
			);
			runOnlyForDeploymentPostprocessing = 0;
		};
		187608811D02F89C005C9A5F /* Sources */ = {
			isa = PBXSourcesBuildPhase;
			buildActionMask = 2147483647;
			files = (
				1876088A1D02F89C005C9A5F /* WeChatMomentsDemoUITests.m in Sources */,
			);
			runOnlyForDeploymentPostprocessing = 0;
		};
/* End PBXSourcesBuildPhase section */

/* Begin PBXTargetDependency section */
		1876087C1D02F89C005C9A5F /* PBXTargetDependency */ = {
			isa = PBXTargetDependency;
			target = 187608601D02F89B005C9A5F /* WeChatMomentsDemo */;
			targetProxy = 1876087B1D02F89C005C9A5F /* PBXContainerItemProxy */;
		};
		187608871D02F89C005C9A5F /* PBXTargetDependency */ = {
			isa = PBXTargetDependency;
			target = 187608601D02F89B005C9A5F /* WeChatMomentsDemo */;
			targetProxy = 187608861D02F89C005C9A5F /* PBXContainerItemProxy */;
		};
/* End PBXTargetDependency section */

/* Begin PBXVariantGroup section */
		1876086D1D02F89B005C9A5F /* Main.storyboard */ = {
			isa = PBXVariantGroup;
			children = (
				1876086E1D02F89B005C9A5F /* Base */,
			);
			name = Main.storyboard;
			sourceTree = "<group>";
		};
		187608721D02F89B005C9A5F /* LaunchScreen.storyboard */ = {
			isa = PBXVariantGroup;
			children = (
				187608731D02F89B005C9A5F /* Base */,
			);
			name = LaunchScreen.storyboard;
			sourceTree = "<group>";
		};
/* End PBXVariantGroup section */

/* Begin XCBuildConfiguration section */
		1876088C1D02F89C005C9A5F /* Debug */ = {
			isa = XCBuildConfiguration;
			buildSettings = {
				ALWAYS_SEARCH_USER_PATHS = NO;
				CLANG_CXX_LANGUAGE_STANDARD = "gnu++0x";
				CLANG_CXX_LIBRARY = "libc++";
				CLANG_ENABLE_MODULES = YES;
				CLANG_ENABLE_OBJC_ARC = YES;
				CLANG_WARN_BOOL_CONVERSION = YES;
				CLANG_WARN_CONSTANT_CONVERSION = YES;
				CLANG_WARN_DIRECT_OBJC_ISA_USAGE = YES_ERROR;
				CLANG_WARN_EMPTY_BODY = YES;
				CLANG_WARN_ENUM_CONVERSION = YES;
				CLANG_WARN_INT_CONVERSION = YES;
				CLANG_WARN_OBJC_ROOT_CLASS = YES_ERROR;
				CLANG_WARN_UNREACHABLE_CODE = YES;
				CLANG_WARN__DUPLICATE_METHOD_MATCH = YES;
				"CODE_SIGN_IDENTITY[sdk=iphoneos*]" = "iPhone Developer";
				COPY_PHASE_STRIP = NO;
				DEBUG_INFORMATION_FORMAT = dwarf;
				ENABLE_STRICT_OBJC_MSGSEND = YES;
				ENABLE_TESTABILITY = YES;
				GCC_C_LANGUAGE_STANDARD = gnu99;
				GCC_DYNAMIC_NO_PIC = NO;
				GCC_NO_COMMON_BLOCKS = YES;
				GCC_OPTIMIZATION_LEVEL = 0;
				GCC_PREPROCESSOR_DEFINITIONS = (
					"DEBUG=1",
					"$(inherited)",
				);
				GCC_WARN_64_TO_32_BIT_CONVERSION = YES;
				GCC_WARN_ABOUT_RETURN_TYPE = YES_ERROR;
				GCC_WARN_UNDECLARED_SELECTOR = YES;
				GCC_WARN_UNINITIALIZED_AUTOS = YES_AGGRESSIVE;
				GCC_WARN_UNUSED_FUNCTION = YES;
				GCC_WARN_UNUSED_VARIABLE = YES;
				IPHONEOS_DEPLOYMENT_TARGET = 9.2;
				MTL_ENABLE_DEBUG_INFO = YES;
				ONLY_ACTIVE_ARCH = YES;
				SDKROOT = iphoneos;
				TARGETED_DEVICE_FAMILY = "1,2";
			};
			name = Debug;
		};
		1876088D1D02F89C005C9A5F /* Release */ = {
			isa = XCBuildConfiguration;
			buildSettings = {
				ALWAYS_SEARCH_USER_PATHS = NO;
				CLANG_CXX_LANGUAGE_STANDARD = "gnu++0x";
				CLANG_CXX_LIBRARY = "libc++";
				CLANG_ENABLE_MODULES = YES;
				CLANG_ENABLE_OBJC_ARC = YES;
				CLANG_WARN_BOOL_CONVERSION = YES;
				CLANG_WARN_CONSTANT_CONVERSION = YES;
				CLANG_WARN_DIRECT_OBJC_ISA_USAGE = YES_ERROR;
				CLANG_WARN_EMPTY_BODY = YES;
				CLANG_WARN_ENUM_CONVERSION = YES;
				CLANG_WARN_INT_CONVERSION = YES;
				CLANG_WARN_OBJC_ROOT_CLASS = YES_ERROR;
				CLANG_WARN_UNREACHABLE_CODE = YES;
				CLANG_WARN__DUPLICATE_METHOD_MATCH = YES;
				"CODE_SIGN_IDENTITY[sdk=iphoneos*]" = "iPhone Developer";
				COPY_PHASE_STRIP = NO;
				DEBUG_INFORMATION_FORMAT = "dwarf-with-dsym";
				ENABLE_NS_ASSERTIONS = NO;
				ENABLE_STRICT_OBJC_MSGSEND = YES;
				GCC_C_LANGUAGE_STANDARD = gnu99;
				GCC_NO_COMMON_BLOCKS = YES;
				GCC_WARN_64_TO_32_BIT_CONVERSION = YES;
				GCC_WARN_ABOUT_RETURN_TYPE = YES_ERROR;
				GCC_WARN_UNDECLARED_SELECTOR = YES;
				GCC_WARN_UNINITIALIZED_AUTOS = YES_AGGRESSIVE;
				GCC_WARN_UNUSED_FUNCTION = YES;
				GCC_WARN_UNUSED_VARIABLE = YES;
				IPHONEOS_DEPLOYMENT_TARGET = 9.2;
				MTL_ENABLE_DEBUG_INFO = NO;
				SDKROOT = iphoneos;
				TARGETED_DEVICE_FAMILY = "1,2";
				VALIDATE_PRODUCT = YES;
			};
			name = Release;
		};
		1876088F1D02F89C005C9A5F /* Debug */ = {
			isa = XCBuildConfiguration;
			baseConfigurationReference = FAAF12F146E130D784B28EDE /* Pods.debug.xcconfig */;
			buildSettings = {
				ASSETCATALOG_COMPILER_APPICON_NAME = AppIcon;
				ASSETCATALOG_COMPILER_LAUNCHIMAGE_NAME = LaunchImage;
				GCC_PREFIX_HEADER = "$(SRCROOT)/$(PROJECT_NAME)-Prefix.pch";
				INFOPLIST_FILE = WeChatMomentsDemo/Info.plist;
				IPHONEOS_DEPLOYMENT_TARGET = 7.0;
				LD_RUNPATH_SEARCH_PATHS = "$(inherited) @executable_path/Frameworks";
				PRODUCT_BUNDLE_IDENTIFIER = com.wang.WeChatMomentsDemo;
				PRODUCT_NAME = "$(TARGET_NAME)";
			};
			name = Debug;
		};
		187608901D02F89C005C9A5F /* Release */ = {
			isa = XCBuildConfiguration;
			baseConfigurationReference = A5BBC0B1E36E6E30CB656E30 /* Pods.release.xcconfig */;
			buildSettings = {
				ASSETCATALOG_COMPILER_APPICON_NAME = AppIcon;
				ASSETCATALOG_COMPILER_LAUNCHIMAGE_NAME = LaunchImage;
				GCC_PREFIX_HEADER = "$(SRCROOT)/$(PROJECT_NAME)-Prefix.pch";
				INFOPLIST_FILE = WeChatMomentsDemo/Info.plist;
				IPHONEOS_DEPLOYMENT_TARGET = 7.0;
				LD_RUNPATH_SEARCH_PATHS = "$(inherited) @executable_path/Frameworks";
				PRODUCT_BUNDLE_IDENTIFIER = com.wang.WeChatMomentsDemo;
				PRODUCT_NAME = "$(TARGET_NAME)";
			};
			name = Release;
		};
		187608921D02F89C005C9A5F /* Debug */ = {
			isa = XCBuildConfiguration;
			buildSettings = {
				BUNDLE_LOADER = "$(TEST_HOST)";
				INFOPLIST_FILE = WeChatMomentsDemoTests/Info.plist;
				LD_RUNPATH_SEARCH_PATHS = "$(inherited) @executable_path/Frameworks @loader_path/Frameworks";
				PRODUCT_BUNDLE_IDENTIFIER = com.wang.WeChatMomentsDemoTests;
				PRODUCT_NAME = "$(TARGET_NAME)";
				TEST_HOST = "$(BUILT_PRODUCTS_DIR)/WeChatMomentsDemo.app/WeChatMomentsDemo";
			};
			name = Debug;
		};
		187608931D02F89C005C9A5F /* Release */ = {
			isa = XCBuildConfiguration;
			buildSettings = {
				BUNDLE_LOADER = "$(TEST_HOST)";
				INFOPLIST_FILE = WeChatMomentsDemoTests/Info.plist;
				LD_RUNPATH_SEARCH_PATHS = "$(inherited) @executable_path/Frameworks @loader_path/Frameworks";
				PRODUCT_BUNDLE_IDENTIFIER = com.wang.WeChatMomentsDemoTests;
				PRODUCT_NAME = "$(TARGET_NAME)";
				TEST_HOST = "$(BUILT_PRODUCTS_DIR)/WeChatMomentsDemo.app/WeChatMomentsDemo";
			};
			name = Release;
		};
		187608951D02F89C005C9A5F /* Debug */ = {
			isa = XCBuildConfiguration;
			buildSettings = {
				INFOPLIST_FILE = WeChatMomentsDemoUITests/Info.plist;
				LD_RUNPATH_SEARCH_PATHS = "$(inherited) @executable_path/Frameworks @loader_path/Frameworks";
				PRODUCT_BUNDLE_IDENTIFIER = com.wang.WeChatMomentsDemoUITests;
				PRODUCT_NAME = "$(TARGET_NAME)";
				TEST_TARGET_NAME = WeChatMomentsDemo;
				USES_XCTRUNNER = YES;
			};
			name = Debug;
		};
		187608961D02F89C005C9A5F /* Release */ = {
			isa = XCBuildConfiguration;
			buildSettings = {
				INFOPLIST_FILE = WeChatMomentsDemoUITests/Info.plist;
				LD_RUNPATH_SEARCH_PATHS = "$(inherited) @executable_path/Frameworks @loader_path/Frameworks";
				PRODUCT_BUNDLE_IDENTIFIER = com.wang.WeChatMomentsDemoUITests;
				PRODUCT_NAME = "$(TARGET_NAME)";
				TEST_TARGET_NAME = WeChatMomentsDemo;
				USES_XCTRUNNER = YES;
			};
			name = Release;
		};
/* End XCBuildConfiguration section */

/* Begin XCConfigurationList section */
		1876085C1D02F89B005C9A5F /* Build configuration list for PBXProject "WeChatMomentsDemo" */ = {
			isa = XCConfigurationList;
			buildConfigurations = (
				1876088C1D02F89C005C9A5F /* Debug */,
				1876088D1D02F89C005C9A5F /* Release */,
			);
			defaultConfigurationIsVisible = 0;
			defaultConfigurationName = Release;
		};
		1876088E1D02F89C005C9A5F /* Build configuration list for PBXNativeTarget "WeChatMomentsDemo" */ = {
			isa = XCConfigurationList;
			buildConfigurations = (
				1876088F1D02F89C005C9A5F /* Debug */,
				187608901D02F89C005C9A5F /* Release */,
			);
			defaultConfigurationIsVisible = 0;
			defaultConfigurationName = Release;
		};
		187608911D02F89C005C9A5F /* Build configuration list for PBXNativeTarget "WeChatMomentsDemoTests" */ = {
			isa = XCConfigurationList;
			buildConfigurations = (
				187608921D02F89C005C9A5F /* Debug */,
				187608931D02F89C005C9A5F /* Release */,
			);
			defaultConfigurationIsVisible = 0;
			defaultConfigurationName = Release;
		};
		187608941D02F89C005C9A5F /* Build configuration list for PBXNativeTarget "WeChatMomentsDemoUITests" */ = {
			isa = XCConfigurationList;
			buildConfigurations = (
				187608951D02F89C005C9A5F /* Debug */,
				187608961D02F89C005C9A5F /* Release */,
			);
			defaultConfigurationIsVisible = 0;
			defaultConfigurationName = Release;
		};
/* End XCConfigurationList section */
	};
	rootObject = 187608591D02F89B005C9A5F /* Project object */;
}
